
Microsoft Visual Studio Solution File, Format Version 12.00
# Visual Studio 14
VisualStudioVersion = 14.0.25420.1
MinimumVisualStudioVersion = 10.0.40219.1
Project("{FAE04EC0-301F-11D3-BF4B-00C04F79EFBC}") = "RESOReference", "RESOReference\RESOReference.csproj", "{11068475-2D20-4C02-BA17-D9D88884BEAF}"
EndProject
Project("{FAE04EC0-301F-11D3-BF4B-00C04F79EFBC}") = "ReferenceLibrary", "ReferenceLibrary\ReferenceLibrary.csproj", "{E592ACFA-8ED4-4C4B-8BC6-DC9475CCAFA6}"
EndProject
Project("{FAE04EC0-301F-11D3-BF4B-00C04F79EFBC}") = "ODataTransactions", "ODataTransactions\ODataTransactions.csproj", "{E682CE28-E6E3-45C4-AD4E-21660B28C54B}"
EndProject
Project("{FAE04EC0-301F-11D3-BF4B-00C04F79EFBC}") = "RESOClientLibrary", "RESOClientLibrary\RESOClientLibrary.csproj", "{97F2FBAA-4F93-416A-9BBE-F4CE4BBD4C98}"
EndProject
Project("{2150E333-8FDC-42A3-9474-1A3956D46DE8}") = "Solution Items", "Solution Items", "{A6A44CA4-8BEA-40DC-9254-0C7764379A21}"
	ProjectSection(SolutionItems) = preProject
		LICENSE.md = LICENSE.md
		README.md = README.md
	EndProjectSection
EndProject
Project("{FAE04EC0-301F-11D3-BF4B-00C04F79EFBC}") = "RESORuleEngine", "RESORuleEngine\RESORuleEngine.csproj", "{068DAF17-3D3A-42B7-8AA3-417B77D14F03}"
EndProject
Global
	GlobalSection(SolutionConfigurationPlatforms) = preSolution
		Debug|Any CPU = Debug|Any CPU
		Release|Any CPU = Release|Any CPU
	EndGlobalSection
	GlobalSection(ProjectConfigurationPlatforms) = postSolution
		{11068475-2D20-4C02-BA17-D9D88884BEAF}.Debug|Any CPU.ActiveCfg = Debug|Any CPU
		{11068475-2D20-4C02-BA17-D9D88884BEAF}.Debug|Any CPU.Build.0 = Debug|Any CPU
		{11068475-2D20-4C02-BA17-D9D88884BEAF}.Release|Any CPU.ActiveCfg = Release|Any CPU
		{11068475-2D20-4C02-BA17-D9D88884BEAF}.Release|Any CPU.Build.0 = Release|Any CPU
		{E592ACFA-8ED4-4C4B-8BC6-DC9475CCAFA6}.Debug|Any CPU.ActiveCfg = Debug|Any CPU
		{E592ACFA-8ED4-4C4B-8BC6-DC9475CCAFA6}.Debug|Any CPU.Build.0 = Debug|Any CPU
		{E592ACFA-8ED4-4C4B-8BC6-DC9475CCAFA6}.Release|Any CPU.ActiveCfg = Release|Any CPU
		{E592ACFA-8ED4-4C4B-8BC6-DC9475CCAFA6}.Release|Any CPU.Build.0 = Release|Any CPU
		{E682CE28-E6E3-45C4-AD4E-21660B28C54B}.Debug|Any CPU.ActiveCfg = Debug|Any CPU
		{E682CE28-E6E3-45C4-AD4E-21660B28C54B}.Debug|Any CPU.Build.0 = Debug|Any CPU
		{E682CE28-E6E3-45C4-AD4E-21660B28C54B}.Release|Any CPU.ActiveCfg = Release|Any CPU
		{E682CE28-E6E3-45C4-AD4E-21660B28C54B}.Release|Any CPU.Build.0 = Release|Any CPU
		{97F2FBAA-4F93-416A-9BBE-F4CE4BBD4C98}.Debug|Any CPU.ActiveCfg = Debug|Any CPU
		{97F2FBAA-4F93-416A-9BBE-F4CE4BBD4C98}.Debug|Any CPU.Build.0 = Debug|Any CPU
		{97F2FBAA-4F93-416A-9BBE-F4CE4BBD4C98}.Release|Any CPU.ActiveCfg = Release|Any CPU
		{97F2FBAA-4F93-416A-9BBE-F4CE4BBD4C98}.Release|Any CPU.Build.0 = Release|Any CPU
		{068DAF17-3D3A-42B7-8AA3-417B77D14F03}.Debug|Any CPU.ActiveCfg = Debug|Any CPU
		{068DAF17-3D3A-42B7-8AA3-417B77D14F03}.Debug|Any CPU.Build.0 = Debug|Any CPU
		{068DAF17-3D3A-42B7-8AA3-417B77D14F03}.Release|Any CPU.ActiveCfg = Release|Any CPU
		{068DAF17-3D3A-42B7-8AA3-417B77D14F03}.Release|Any CPU.Build.0 = Release|Any CPU
	EndGlobalSection
	GlobalSection(SolutionProperties) = preSolution
		HideSolutionNode = FALSE
	EndGlobalSection
EndGlobal
